
Microsoft Visual Studio Solution File, Format Version 12.00
# Visual Studio 15
VisualStudioVersion = 15.0.27428.2005
MinimumVisualStudioVersion = 10.0.40219.1
Project("{FAE04EC0-301F-11D3-BF4B-00C04F79EFBC}") = "WebQueryString", "WebQueryString\WebQueryString.csproj", "{6BF19571-D1CB-4583-8226-79A08A43145B}"
EndProject
Global
	GlobalSection(SolutionConfigurationPlatforms) = preSolution
		Debug|Any CPU = Debug|Any CPU
		Release|Any CPU = Release|Any CPU
	EndGlobalSection
	GlobalSection(ProjectConfigurationPlatforms) = postSolution
		{6BF19571-D1CB-4583-8226-79A08A43145B}.Debug|Any CPU.ActiveCfg = Debug|Any CPU
		{6BF19571-D1CB-4583-8226-79A08A43145B}.Debug|Any CPU.Build.0 = Debug|Any CPU
		{6BF19571-D1CB-4583-8226-79A08A43145B}.Release|Any CPU.ActiveCfg = Release|Any CPU
		{6BF19571-D1CB-4583-8226-79A08A43145B}.Release|Any CPU.Build.0 = Release|Any CPU
	EndGlobalSection
	GlobalSection(SolutionProperties) = preSolution
		HideSolutionNode = FALSE
	EndGlobalSection
	GlobalSection(ExtensibilityGlobals) = postSolution
		SolutionGuid = {76CF6B97-2BC9-41AC-991B-D678D6901A47}
	EndGlobalSection
EndGlobal
